// !$*UTF8*$!
{
	archiveVersion = 1;
	classes = {
	};
	objectVersion = 46;
	objects = {

/* Begin PBXBuildFile section */
		E38AEAD01E4C1B0F009812B7 /* main.m in Sources */ = {isa = PBXBuildFile; fileRef = E38AEACF1E4C1B0F009812B7 /* main.m */; };
		E38AEAD31E4C1B0F009812B7 /* AppDelegate.m in Sources */ = {isa = PBXBuildFile; fileRef = E38AEAD21E4C1B0F009812B7 /* AppDelegate.m */; };
		E38AEAD61E4C1B0F009812B7 /* ViewController.m in Sources */ = {isa = PBXBuildFile; fileRef = E38AEAD51E4C1B0F009812B7 /* ViewController.m */; };
		E38AEAD91E4C1B0F009812B7 /* Main.storyboard in Resources */ = {isa = PBXBuildFile; fileRef = E38AEAD71E4C1B0F009812B7 /* Main.storyboard */; };
		E38AEADB1E4C1B0F009812B7 /* Assets.xcassets in Resources */ = {isa = PBXBuildFile; fileRef = E38AEADA1E4C1B0F009812B7 /* Assets.xcassets */; };
		E38AEADE1E4C1B0F009812B7 /* LaunchScreen.storyboard in Resources */ = {isa = PBXBuildFile; fileRef = E38AEADC1E4C1B0F009812B7 /* LaunchScreen.storyboard */; };
/* End PBXBuildFile section */

/* Begin PBXFileReference section */
		E38AEACB1E4C1B0F009812B7 /* AXWaveAnimationViewDemo.app */ = {isa = PBXFileReference; explicitFileType = wrapper.application; includeInIndex = 0; path = AXWaveAnimationViewDemo.app; sourceTree = BUILT_PRODUCTS_DIR; };
		E38AEACF1E4C1B0F009812B7 /* main.m */ = {isa = PBXFileReference; lastKnownFileType = sourcecode.c.objc; path = main.m; sourceTree = "<group>"; };
		E38AEAD11E4C1B0F009812B7 /* AppDelegate.h */ = {isa = PBXFileReference; lastKnownFileType = sourcecode.c.h; path = AppDelegate.h; sourceTree = "<group>"; };
		E38AEAD21E4C1B0F009812B7 /* AppDelegate.m */ = {isa = PBXFileReference; lastKnownFileType = sourcecode.c.objc; path = AppDelegate.m; sourceTree = "<group>"; };
		E38AEAD41E4C1B0F009812B7 /* ViewController.h */ = {isa = PBXFileReference; lastKnownFileType = sourcecode.c.h; path = ViewController.h; sourceTree = "<group>"; };
		E38AEAD51E4C1B0F009812B7 /* ViewController.m */ = {isa = PBXFileReference; lastKnownFileType = sourcecode.c.objc; path = ViewController.m; sourceTree = "<group>"; };
		E38AEAD81E4C1B0F009812B7 /* Base */ = {isa = PBXFileReference; lastKnownFileType = file.storyboard; name = Base; path = Base.lproj/Main.storyboard; sourceTree = "<group>"; };
		E38AEADA1E4C1B0F009812B7 /* Assets.xcassets */ = {isa = PBXFileReference; lastKnownFileType = folder.assetcatalog; path = Assets.xcassets; sourceTree = "<group>"; };
		E38AEADD1E4C1B0F009812B7 /* Base */ = {isa = PBXFileReference; lastKnownFileType = file.storyboard; name = Base; path = Base.lproj/LaunchScreen.storyboard; sourceTree = "<group>"; };
		E38AEADF1E4C1B0F009812B7 /* Info.plist */ = {isa = PBXFileReference; lastKnownFileType = text.plist.xml; path = Info.plist; sourceTree = "<group>"; };
/* End PBXFileReference section */

/* Begin PBXFrameworksBuildPhase section */
		E38AEAC81E4C1B0F009812B7 /* Frameworks */ = {
			isa = PBXFrameworksBuildPhase;
			buildActionMask = 2147483647;
			files = (
			);
			runOnlyForDeploymentPostprocessing = 0;
		};
/* End PBXFrameworksBuildPhase section */

/* Begin PBXGroup section */
		E38AEAC21E4C1B0F009812B7 = {
			isa = PBXGroup;
			children = (
				E38AEACD1E4C1B0F009812B7 /* AXWaveAnimationViewDemo */,
				E38AEACC1E4C1B0F009812B7 /* Products */,
			);
			sourceTree = "<group>";
		};
		E38AEACC1E4C1B0F009812B7 /* Products */ = {
			isa = PBXGroup;
			children = (
				E38AEACB1E4C1B0F009812B7 /* AXWaveAnimationViewDemo.app */,
			);
			name = Products;
			sourceTree = "<group>";
		};
		E38AEACD1E4C1B0F009812B7 /* AXWaveAnimationViewDemo */ = {
			isa = PBXGroup;
			children = (
				E38AEAD11E4C1B0F009812B7 /* AppDelegate.h */,
				E38AEAD21E4C1B0F009812B7 /* AppDelegate.m */,
				E38AEAD41E4C1B0F009812B7 /* ViewController.h */,
				E38AEAD51E4C1B0F009812B7 /* ViewController.m */,
				E38AEAD71E4C1B0F009812B7 /* Main.storyboard */,
				E38AEADA1E4C1B0F009812B7 /* Assets.xcassets */,
				E38AEADC1E4C1B0F009812B7 /* LaunchScreen.storyboard */,
				E38AEADF1E4C1B0F009812B7 /* Info.plist */,
				E38AEACE1E4C1B0F009812B7 /* Supporting Files */,
			);
			path = AXWaveAnimationViewDemo;
			sourceTree = "<group>";
		};
		E38AEACE1E4C1B0F009812B7 /* Supporting Files */ = {
			isa = PBXGroup;
			children = (
				E38AEACF1E4C1B0F009812B7 /* main.m */,
			);
			name = "Supporting Files";
			sourceTree = "<group>";
		};
/* End PBXGroup section */

/* Begin PBXNativeTarget section */
		E38AEACA1E4C1B0F009812B7 /* AXWaveAnimationViewDemo */ = {
			isa = PBXNativeTarget;
			buildConfigurationList = E38AEAE21E4C1B0F009812B7 /* Build configuration list for PBXNativeTarget "AXWaveAnimationViewDemo" */;
			buildPhases = (
				E38AEAC71E4C1B0F009812B7 /* Sources */,
				E38AEAC81E4C1B0F009812B7 /* Frameworks */,
				E38AEAC91E4C1B0F009812B7 /* Resources */,
			);
			buildRules = (
			);
			dependencies = (
			);
			name = AXWaveAnimationViewDemo;
			productName = AXWaveAnimationViewDemo;
			productReference = E38AEACB1E4C1B0F009812B7 /* AXWaveAnimationViewDemo.app */;
			productType = "com.apple.product-type.application";
		};
/* End PBXNativeTarget section */

/* Begin PBXProject section */
		E38AEAC31E4C1B0F009812B7 /* Project object */ = {
			isa = PBXProject;
			attributes = {
				LastUpgradeCheck = 0810;
				ORGANIZATIONNAME = arnoldxiao;
				TargetAttributes = {
					E38AEACA1E4C1B0F009812B7 = {
						CreatedOnToolsVersion = 8.1;
						ProvisioningStyle = Automatic;
					};
				};
			};
			buildConfigurationList = E38AEAC61E4C1B0F009812B7 /* Build configuration list for PBXProject "AXWaveAnimationViewDemo" */;
			compatibilityVersion = "Xcode 3.2";
			developmentRegion = English;
			hasScannedForEncodings = 0;
			knownRegions = (
				en,
				Base,
			);
			mainGroup = E38AEAC21E4C1B0F009812B7;
			productRefGroup = E38AEACC1E4C1B0F009812B7 /* Products */;
			projectDirPath = "";
			projectRoot = "";
			targets = (
				E38AEACA1E4C1B0F009812B7 /* AXWaveAnimationViewDemo */,
			);
		};
/* End PBXProject section */

/* Begin PBXResourcesBuildPhase section */
		E38AEAC91E4C1B0F009812B7 /* Resources */ = {
			isa = PBXResourcesBuildPhase;
			buildActionMask = 2147483647;
			files = (
				E38AEADE1E4C1B0F009812B7 /* LaunchScreen.storyboard in Resources */,
				E38AEADB1E4C1B0F009812B7 /* Assets.xcassets in Resources */,
				E38AEAD91E4C1B0F009812B7 /* Main.storyboard in Resources */,
			);
			runOnlyForDeploymentPostprocessing = 0;
		};
/* End PBXResourcesBuildPhase section */

/* Begin PBXSourcesBuildPhase section */
		E38AEAC71E4C1B0F009812B7 /* Sources */ = {
			isa = PBXSourcesBuildPhase;
			buildActionMask = 2147483647;
			files = (
				E38AEAD61E4C1B0F009812B7 /* ViewController.m in Sources */,
				E38AEAD31E4C1B0F009812B7 /* AppDelegate.m in Sources */,
				E38AEAD01E4C1B0F009812B7 /* main.m in Sources */,
			);
			runOnlyForDeploymentPostprocessing = 0;
		};
/* End PBXSourcesBuildPhase section */

/* Begin PBXVariantGroup section */
		E38AEAD71E4C1B0F009812B7 /* Main.storyboard */ = {
			isa = PBXVariantGroup;
			children = (
				E38AEAD81E4C1B0F009812B7 /* Base */,
			);
			name = Main.storyboard;
			sourceTree = "<group>";
		};
		E38AEADC1E4C1B0F009812B7 /* LaunchScreen.storyboard */ = {
			isa = PBXVariantGroup;
			children = (
				E38AEADD1E4C1B0F009812B7 /* Base */,
			);
			name = LaunchScreen.storyboard;
			sourceTree = "<group>";
		};
/* End PBXVariantGroup section */

/* Begin XCBuildConfiguration section */
		E38AEAE01E4C1B0F009812B7 /* Debug */ = {
			isa = XCBuildConfiguration;
			buildSettings = {
				ALWAYS_SEARCH_USER_PATHS = NO;
				CLANG_ANALYZER_NONNULL = YES;
				CLANG_CXX_LANGUAGE_STANDARD = "gnu++0x";
				CLANG_CXX_LIBRARY = "libc++";
				CLANG_ENABLE_MODULES = YES;
				CLANG_ENABLE_OBJC_ARC = YES;
				CLANG_WARN_BOOL_CONVERSION = YES;
				CLANG_WARN_CONSTANT_CONVERSION = YES;
				CLANG_WARN_DIRECT_OBJC_ISA_USAGE = YES_ERROR;
				CLANG_WARN_DOCUMENTATION_COMMENTS = YES;
				CLANG_WARN_EMPTY_BODY = YES;
				CLANG_WARN_ENUM_CONVERSION = YES;
				CLANG_WARN_INFINITE_RECURSION = YES;
				CLANG_WARN_INT_CONVERSION = YES;
				CLANG_WARN_OBJC_ROOT_CLASS = YES_ERROR;
				CLANG_WARN_SUSPICIOUS_MOVES = YES;
				CLANG_WARN_UNREACHABLE_CODE = YES;
				CLANG_WARN__DUPLICATE_METHOD_MATCH = YES;
				"CODE_SIGN_IDENTITY[sdk=iphoneos*]" = "iPhone Developer";
				COPY_PHASE_STRIP = NO;
				DEBUG_INFORMATION_FORMAT = dwarf;
				ENABLE_STRICT_OBJC_MSGSEND = YES;
				ENABLE_TESTABILITY = YES;
				GCC_C_LANGUAGE_STANDARD = gnu99;
				GCC_DYNAMIC_NO_PIC = NO;
				GCC_NO_COMMON_BLOCKS = YES;
				GCC_OPTIMIZATION_LEVEL = 0;
				GCC_PREPROCESSOR_DEFINITIONS = (
					"DEBUG=1",
					"$(inherited)",
				);
				GCC_WARN_64_TO_32_BIT_CONVERSION = YES;
				GCC_WARN_ABOUT_RETURN_TYPE = YES_ERROR;
				GCC_WARN_UNDECLARED_SELECTOR = YES;
				GCC_WARN_UNINITIALIZED_AUTOS = YES_AGGRESSIVE;
				GCC_WARN_UNUSED_FUNCTION = YES;
				GCC_WARN_UNUSED_VARIABLE = YES;
				IPHONEOS_DEPLOYMENT_TARGET = 10.1;
				MTL_ENABLE_DEBUG_INFO = YES;
				ONLY_ACTIVE_ARCH = YES;
				SDKROOT = iphoneos;
				TARGETED_DEVICE_FAMILY = "1,2";
			};
			name = Debug;
		};
		E38AEAE11E4C1B0F009812B7 /* Release */ = {
			isa = XCBuildConfiguration;
			buildSettings = {
				ALWAYS_SEARCH_USER_PATHS = NO;
				CLANG_ANALYZER_NONNULL = YES;
				CLANG_CXX_LANGUAGE_STANDARD = "gnu++0x";
				CLANG_CXX_LIBRARY = "libc++";
				CLANG_ENABLE_MODULES = YES;
				CLANG_ENABLE_OBJC_ARC = YES;
				CLANG_WARN_BOOL_CONVERSION = YES;
				CLANG_WARN_CONSTANT_CONVERSION = YES;
				CLANG_WARN_DIRECT_OBJC_ISA_USAGE = YES_ERROR;
				CLANG_WARN_DOCUMENTATION_COMMENTS = YES;
				CLANG_WARN_EMPTY_BODY = YES;
				CLANG_WARN_ENUM_CONVERSION = YES;
				CLANG_WARN_INFINITE_RECURSION = YES;
				CLANG_WARN_INT_CONVERSION = YES;
				CLANG_WARN_OBJC_ROOT_CLASS = YES_ERROR;
				CLANG_WARN_SUSPICIOUS_MOVES = YES;
				CLANG_WARN_UNREACHABLE_CODE = YES;
				CLANG_WARN__DUPLICATE_METHOD_MATCH = YES;
				"CODE_SIGN_IDENTITY[sdk=iphoneos*]" = "iPhone Developer";
				COPY_PHASE_STRIP = NO;
				DEBUG_INFORMATION_FORMAT = "dwarf-with-dsym";
				ENABLE_NS_ASSERTIONS = NO;
				ENABLE_STRICT_OBJC_MSGSEND = YES;
				GCC_C_LANGUAGE_STANDARD = gnu99;
				GCC_NO_COMMON_BLOCKS = YES;
				GCC_WARN_64_TO_32_BIT_CONVERSION = YES;
				GCC_WARN_ABOUT_RETURN_TYPE = YES_ERROR;
				GCC_WARN_UNDECLARED_SELECTOR = YES;
				GCC_WARN_UNINITIALIZED_AUTOS = YES_AGGRESSIVE;
				GCC_WARN_UNUSED_FUNCTION = YES;
				GCC_WARN_UNUSED_VARIABLE = YES;
				IPHONEOS_DEPLOYMENT_TARGET = 10.1;
				MTL_ENABLE_DEBUG_INFO = NO;
				SDKROOT = iphoneos;
				TARGETED_DEVICE_FAMILY = "1,2";
				VALIDATE_PRODUCT = YES;
			};
			name = Release;
		};
		E38AEAE31E4C1B0F009812B7 /* Debug */ = {
			isa = XCBuildConfiguration;
			buildSettings = {
				ASSETCATALOG_COMPILER_APPICON_NAME = AppIcon;
				INFOPLIST_FILE = AXWaveAnimationViewDemo/Info.plist;
				LD_RUNPATH_SEARCH_PATHS = "$(inherited) @executable_path/Frameworks";
				PRODUCT_BUNDLE_IDENTIFIER = com.arnoldxiao.AXWaveAnimationViewDemo;
				PRODUCT_NAME = "$(TARGET_NAME)";
			};
			name = Debug;
		};
		E38AEAE41E4C1B0F009812B7 /* Release */ = {
			isa = XCBuildConfiguration;
			buildSettings = {
				ASSETCATALOG_COMPILER_APPICON_NAME = AppIcon;
				INFOPLIST_FILE = AXWaveAnimationViewDemo/Info.plist;
				LD_RUNPATH_SEARCH_PATHS = "$(inherited) @executable_path/Frameworks";
				PRODUCT_BUNDLE_IDENTIFIER = com.arnoldxiao.AXWaveAnimationViewDemo;
				PRODUCT_NAME = "$(TARGET_NAME)";
			};
			name = Release;
		};
/* End XCBuildConfiguration section */

/* Begin XCConfigurationList section */
		E38AEAC61E4C1B0F009812B7 /* Build configuration list for PBXProject "AXWaveAnimationViewDemo" */ = {
			isa = XCConfigurationList;
			buildConfigurations = (
				E38AEAE01E4C1B0F009812B7 /* Debug */,
				E38AEAE11E4C1B0F009812B7 /* Release */,
			);
			defaultConfigurationIsVisible = 0;
			defaultConfigurationName = Release;
		};
		E38AEAE21E4C1B0F009812B7 /* Build configuration list for PBXNativeTarget "AXWaveAnimationViewDemo" */ = {
			isa = XCConfigurationList;
			buildConfigurations = (
				E38AEAE31E4C1B0F009812B7 /* Debug */,
				E38AEAE41E4C1B0F009812B7 /* Release */,
			);
			defaultConfigurationIsVisible = 0;
		};
/* End XCConfigurationList section */
	};
	rootObject = E38AEAC31E4C1B0F009812B7 /* Project object */;
}
